
Microsoft Visual Studio Solution File, Format Version 12.00
# Visual Studio 15
VisualStudioVersion = 15.0.28010.2050
MinimumVisualStudioVersion = 10.0.40219.1
Project("{FAE04EC0-301F-11D3-BF4B-00C04F79EFBC}") = "Combat", "Combat\Combat.csproj", "{7BB674C3-28FA-44C3-8B46-C3F98CE191F4}"
EndProject
Global
	GlobalSection(SolutionConfigurationPlatforms) = preSolution
		Debug|Any CPU = Debug|Any CPU
		Release|Any CPU = Release|Any CPU
	EndGlobalSection
	GlobalSection(ProjectConfigurationPlatforms) = postSolution
		{7BB674C3-28FA-44C3-8B46-C3F98CE191F4}.Debug|Any CPU.ActiveCfg = Debug|Any CPU
		{7BB674C3-28FA-44C3-8B46-C3F98CE191F4}.Debug|Any CPU.Build.0 = Debug|Any CPU
		{7BB674C3-28FA-44C3-8B46-C3F98CE191F4}.Release|Any CPU.ActiveCfg = Release|Any CPU
		{7BB674C3-28FA-44C3-8B46-C3F98CE191F4}.Release|Any CPU.Build.0 = Release|Any CPU
	EndGlobalSection
	GlobalSection(SolutionProperties) = preSolution
		HideSolutionNode = FALSE
	EndGlobalSection
	GlobalSection(ExtensibilityGlobals) = postSolution
		SolutionGuid = {B8AF2AFC-CCE0-4CF4-8AC7-9D6C4E4639C6}
	EndGlobalSection
EndGlobal
